// !$*UTF8*$!
{
	archiveVersion = 1;
	classes = {
	};
	objectVersion = 50;
	objects = {

/* Begin PBXBuildFile section */
		F0867CF820961D8A0004BAFB /* AppDelegate.swift in Sources */ = {isa = PBXBuildFile; fileRef = F0867CF720961D8A0004BAFB /* AppDelegate.swift */; };
		F0867CFA20961D8A0004BAFB /* ViewController.swift in Sources */ = {isa = PBXBuildFile; fileRef = F0867CF920961D8A0004BAFB /* ViewController.swift */; };
		F0867CFD20961D8A0004BAFB /* Main.storyboard in Resources */ = {isa = PBXBuildFile; fileRef = F0867CFB20961D8A0004BAFB /* Main.storyboard */; };
		F0867CFF20961D8B0004BAFB /* Assets.xcassets in Resources */ = {isa = PBXBuildFile; fileRef = F0867CFE20961D8B0004BAFB /* Assets.xcassets */; };
		F0867D0220961D8B0004BAFB /* LaunchScreen.storyboard in Resources */ = {isa = PBXBuildFile; fileRef = F0867D0020961D8B0004BAFB /* LaunchScreen.storyboard */; };
		F0867D0B20961E7D0004BAFB /* StoreManager.swift in Sources */ = {isa = PBXBuildFile; fileRef = F0867D0920961E7D0004BAFB /* StoreManager.swift */; };
		F0867D0C20961E7D0004BAFB /* InputViewController.swift in Sources */ = {isa = PBXBuildFile; fileRef = F0867D0A20961E7D0004BAFB /* InputViewController.swift */; };
		F0867D0F20961F170004BAFB /* Contacts.framework in Frameworks */ = {isa = PBXBuildFile; fileRef = F0867D0E20961F170004BAFB /* Contacts.framework */; };
/* End PBXBuildFile section */

/* Begin PBXFileReference section */
		F0867CF420961D8A0004BAFB /* ContactUtil.app */ = {isa = PBXFileReference; explicitFileType = wrapper.application; includeInIndex = 0; path = ContactUtil.app; sourceTree = BUILT_PRODUCTS_DIR; };
		F0867CF720961D8A0004BAFB /* AppDelegate.swift */ = {isa = PBXFileReference; lastKnownFileType = sourcecode.swift; path = AppDelegate.swift; sourceTree = "<group>"; };
		F0867CF920961D8A0004BAFB /* ViewController.swift */ = {isa = PBXFileReference; lastKnownFileType = sourcecode.swift; path = ViewController.swift; sourceTree = "<group>"; };
		F0867CFC20961D8A0004BAFB /* Base */ = {isa = PBXFileReference; lastKnownFileType = file.storyboard; name = Base; path = Base.lproj/Main.storyboard; sourceTree = "<group>"; };
		F0867CFE20961D8B0004BAFB /* Assets.xcassets */ = {isa = PBXFileReference; lastKnownFileType = folder.assetcatalog; path = Assets.xcassets; sourceTree = "<group>"; };
		F0867D0120961D8B0004BAFB /* Base */ = {isa = PBXFileReference; lastKnownFileType = file.storyboard; name = Base; path = Base.lproj/LaunchScreen.storyboard; sourceTree = "<group>"; };
		F0867D0320961D8B0004BAFB /* Info.plist */ = {isa = PBXFileReference; lastKnownFileType = text.plist.xml; path = Info.plist; sourceTree = "<group>"; };
		F0867D0920961E7D0004BAFB /* StoreManager.swift */ = {isa = PBXFileReference; fileEncoding = 4; lastKnownFileType = sourcecode.swift; path = StoreManager.swift; sourceTree = "<group>"; };
		F0867D0A20961E7D0004BAFB /* InputViewController.swift */ = {isa = PBXFileReference; fileEncoding = 4; lastKnownFileType = sourcecode.swift; path = InputViewController.swift; sourceTree = "<group>"; };
		F0867D0E20961F170004BAFB /* Contacts.framework */ = {isa = PBXFileReference; lastKnownFileType = wrapper.framework; name = Contacts.framework; path = System/Library/Frameworks/Contacts.framework; sourceTree = SDKROOT; };
/* End PBXFileReference section */

/* Begin PBXFrameworksBuildPhase section */
		F0867CF120961D8A0004BAFB /* Frameworks */ = {
			isa = PBXFrameworksBuildPhase;
			buildActionMask = 2147483647;
			files = (
				F0867D0F20961F170004BAFB /* Contacts.framework in Frameworks */,
			);
			runOnlyForDeploymentPostprocessing = 0;
		};
/* End PBXFrameworksBuildPhase section */

/* Begin PBXGroup section */
		F0867CEB20961D8A0004BAFB = {
			isa = PBXGroup;
			children = (
				F0867CF620961D8A0004BAFB /* ContactUtil */,
				F0867CF520961D8A0004BAFB /* Products */,
				F0867D0D20961F170004BAFB /* Frameworks */,
			);
			sourceTree = "<group>";
		};
		F0867CF520961D8A0004BAFB /* Products */ = {
			isa = PBXGroup;
			children = (
				F0867CF420961D8A0004BAFB /* ContactUtil.app */,
			);
			name = Products;
			sourceTree = "<group>";
		};
		F0867CF620961D8A0004BAFB /* ContactUtil */ = {
			isa = PBXGroup;
			children = (
				F0867CF720961D8A0004BAFB /* AppDelegate.swift */,
				F0867CF920961D8A0004BAFB /* ViewController.swift */,
				F0867D0A20961E7D0004BAFB /* InputViewController.swift */,
				F0867D0920961E7D0004BAFB /* StoreManager.swift */,
				F0867CFB20961D8A0004BAFB /* Main.storyboard */,
				F0867CFE20961D8B0004BAFB /* Assets.xcassets */,
				F0867D0020961D8B0004BAFB /* LaunchScreen.storyboard */,
				F0867D0320961D8B0004BAFB /* Info.plist */,
			);
			path = ContactUtil;
			sourceTree = "<group>";
		};
		F0867D0D20961F170004BAFB /* Frameworks */ = {
			isa = PBXGroup;
			children = (
				F0867D0E20961F170004BAFB /* Contacts.framework */,
			);
			name = Frameworks;
			sourceTree = "<group>";
		};
/* End PBXGroup section */

/* Begin PBXNativeTarget section */
		F0867CF320961D8A0004BAFB /* ContactUtil */ = {
			isa = PBXNativeTarget;
			buildConfigurationList = F0867D0620961D8B0004BAFB /* Build configuration list for PBXNativeTarget "ContactUtil" */;
			buildPhases = (
				F0867CF020961D8A0004BAFB /* Sources */,
				F0867CF120961D8A0004BAFB /* Frameworks */,
				F0867CF220961D8A0004BAFB /* Resources */,
			);
			buildRules = (
			);
			dependencies = (
			);
			name = ContactUtil;
			productName = ContactUtil;
			productReference = F0867CF420961D8A0004BAFB /* ContactUtil.app */;
			productType = "com.apple.product-type.application";
		};
/* End PBXNativeTarget section */

/* Begin PBXProject section */
		F0867CEC20961D8A0004BAFB /* Project object */ = {
			isa = PBXProject;
			attributes = {
				LastSwiftUpdateCheck = 0930;
				LastUpgradeCheck = 0930;
				ORGANIZATIONNAME = "Roman Kozak";
				TargetAttributes = {
					F0867CF320961D8A0004BAFB = {
						CreatedOnToolsVersion = 9.3;
					};
				};
			};
			buildConfigurationList = F0867CEF20961D8A0004BAFB /* Build configuration list for PBXProject "ContactUtil" */;
			compatibilityVersion = "Xcode 9.3";
			developmentRegion = en;
			hasScannedForEncodings = 0;
			knownRegions = (
				en,
				Base,
			);
			mainGroup = F0867CEB20961D8A0004BAFB;
			productRefGroup = F0867CF520961D8A0004BAFB /* Products */;
			projectDirPath = "";
			projectRoot = "";
			targets = (
				F0867CF320961D8A0004BAFB /* ContactUtil */,
			);
		};
/* End PBXProject section */

/* Begin PBXResourcesBuildPhase section */
		F0867CF220961D8A0004BAFB /* Resources */ = {
			isa = PBXResourcesBuildPhase;
			buildActionMask = 2147483647;
			files = (
				F0867D0220961D8B0004BAFB /* LaunchScreen.storyboard in Resources */,
				F0867CFF20961D8B0004BAFB /* Assets.xcassets in Resources */,
				F0867CFD20961D8A0004BAFB /* Main.storyboard in Resources */,
			);
			runOnlyForDeploymentPostprocessing = 0;
		};
/* End PBXResourcesBuildPhase section */

/* Begin PBXSourcesBuildPhase section */
		F0867CF020961D8A0004BAFB /* Sources */ = {
			isa = PBXSourcesBuildPhase;
			buildActionMask = 2147483647;
			files = (
				F0867D0B20961E7D0004BAFB /* StoreManager.swift in Sources */,
				F0867CFA20961D8A0004BAFB /* ViewController.swift in Sources */,
				F0867CF820961D8A0004BAFB /* AppDelegate.swift in Sources */,
				F0867D0C20961E7D0004BAFB /* InputViewController.swift in Sources */,
			);
			runOnlyForDeploymentPostprocessing = 0;
		};
/* End PBXSourcesBuildPhase section */

/* Begin PBXVariantGroup section */
		F0867CFB20961D8A0004BAFB /* Main.storyboard */ = {
			isa = PBXVariantGroup;
			children = (
				F0867CFC20961D8A0004BAFB /* Base */,
			);
			name = Main.storyboard;
			sourceTree = "<group>";
		};
		F0867D0020961D8B0004BAFB /* LaunchScreen.storyboard */ = {
			isa = PBXVariantGroup;
			children = (
				F0867D0120961D8B0004BAFB /* Base */,
			);
			name = LaunchScreen.storyboard;
			sourceTree = "<group>";
		};
/* End PBXVariantGroup section */

/* Begin XCBuildConfiguration section */
		F0867D0420961D8B0004BAFB /* Debug */ = {
			isa = XCBuildConfiguration;
			buildSettings = {
				ALWAYS_SEARCH_USER_PATHS = NO;
				CLANG_ANALYZER_NONNULL = YES;
				CLANG_ANALYZER_NUMBER_OBJECT_CONVERSION = YES_AGGRESSIVE;
				CLANG_CXX_LANGUAGE_STANDARD = "gnu++14";
				CLANG_CXX_LIBRARY = "libc++";
				CLANG_ENABLE_MODULES = YES;
				CLANG_ENABLE_OBJC_ARC = YES;
				CLANG_ENABLE_OBJC_WEAK = YES;
				CLANG_WARN_BLOCK_CAPTURE_AUTORELEASING = YES;
				CLANG_WARN_BOOL_CONVERSION = YES;
				CLANG_WARN_COMMA = YES;
				CLANG_WARN_CONSTANT_CONVERSION = YES;
				CLANG_WARN_DEPRECATED_OBJC_IMPLEMENTATIONS = YES;
				CLANG_WARN_DIRECT_OBJC_ISA_USAGE = YES_ERROR;
				CLANG_WARN_DOCUMENTATION_COMMENTS = YES;
				CLANG_WARN_EMPTY_BODY = YES;
				CLANG_WARN_ENUM_CONVERSION = YES;
				CLANG_WARN_INFINITE_RECURSION = YES;
				CLANG_WARN_INT_CONVERSION = YES;
				CLANG_WARN_NON_LITERAL_NULL_CONVERSION = YES;
				CLANG_WARN_OBJC_IMPLICIT_RETAIN_SELF = YES;
				CLANG_WARN_OBJC_LITERAL_CONVERSION = YES;
				CLANG_WARN_OBJC_ROOT_CLASS = YES_ERROR;
				CLANG_WARN_RANGE_LOOP_ANALYSIS = YES;
				CLANG_WARN_STRICT_PROTOTYPES = YES;
				CLANG_WARN_SUSPICIOUS_MOVE = YES;
				CLANG_WARN_UNGUARDED_AVAILABILITY = YES_AGGRESSIVE;
				CLANG_WARN_UNREACHABLE_CODE = YES;
				CLANG_WARN__DUPLICATE_METHOD_MATCH = YES;
				CODE_SIGN_IDENTITY = "iPhone Developer";
				COPY_PHASE_STRIP = NO;
				DEBUG_INFORMATION_FORMAT = dwarf;
				ENABLE_STRICT_OBJC_MSGSEND = YES;
				ENABLE_TESTABILITY = YES;
				GCC_C_LANGUAGE_STANDARD = gnu11;
				GCC_DYNAMIC_NO_PIC = NO;
				GCC_NO_COMMON_BLOCKS = YES;
				GCC_OPTIMIZATION_LEVEL = 0;
				GCC_PREPROCESSOR_DEFINITIONS = (
					"DEBUG=1",
					"$(inherited)",
				);
				GCC_WARN_64_TO_32_BIT_CONVERSION = YES;
				GCC_WARN_ABOUT_RETURN_TYPE = YES_ERROR;
				GCC_WARN_UNDECLARED_SELECTOR = YES;
				GCC_WARN_UNINITIALIZED_AUTOS = YES_AGGRESSIVE;
				GCC_WARN_UNUSED_FUNCTION = YES;
				GCC_WARN_UNUSED_VARIABLE = YES;
				IPHONEOS_DEPLOYMENT_TARGET = 11.3;
				MTL_ENABLE_DEBUG_INFO = YES;
				ONLY_ACTIVE_ARCH = YES;
				SDKROOT = iphoneos;
				SWIFT_ACTIVE_COMPILATION_CONDITIONS = DEBUG;
				SWIFT_OPTIMIZATION_LEVEL = "-Onone";
			};
			name = Debug;
		};
		F0867D0520961D8B0004BAFB /* Release */ = {
			isa = XCBuildConfiguration;
			buildSettings = {
				ALWAYS_SEARCH_USER_PATHS = NO;
				CLANG_ANALYZER_NONNULL = YES;
				CLANG_ANALYZER_NUMBER_OBJECT_CONVERSION = YES_AGGRESSIVE;
				CLANG_CXX_LANGUAGE_STANDARD = "gnu++14";
				CLANG_CXX_LIBRARY = "libc++";
				CLANG_ENABLE_MODULES = YES;
				CLANG_ENABLE_OBJC_ARC = YES;
				CLANG_ENABLE_OBJC_WEAK = YES;
				CLANG_WARN_BLOCK_CAPTURE_AUTORELEASING = YES;
				CLANG_WARN_BOOL_CONVERSION = YES;
				CLANG_WARN_COMMA = YES;
				CLANG_WARN_CONSTANT_CONVERSION = YES;
				CLANG_WARN_DEPRECATED_OBJC_IMPLEMENTATIONS = YES;
				CLANG_WARN_DIRECT_OBJC_ISA_USAGE = YES_ERROR;
				CLANG_WARN_DOCUMENTATION_COMMENTS = YES;
				CLANG_WARN_EMPTY_BODY = YES;
				CLANG_WARN_ENUM_CONVERSION = YES;
				CLANG_WARN_INFINITE_RECURSION = YES;
				CLANG_WARN_INT_CONVERSION = YES;
				CLANG_WARN_NON_LITERAL_NULL_CONVERSION = YES;
				CLANG_WARN_OBJC_IMPLICIT_RETAIN_SELF = YES;
				CLANG_WARN_OBJC_LITERAL_CONVERSION = YES;
				CLANG_WARN_OBJC_ROOT_CLASS = YES_ERROR;
				CLANG_WARN_RANGE_LOOP_ANALYSIS = YES;
				CLANG_WARN_STRICT_PROTOTYPES = YES;
				CLANG_WARN_SUSPICIOUS_MOVE = YES;
				CLANG_WARN_UNGUARDED_AVAILABILITY = YES_AGGRESSIVE;
				CLANG_WARN_UNREACHABLE_CODE = YES;
				CLANG_WARN__DUPLICATE_METHOD_MATCH = YES;
				CODE_SIGN_IDENTITY = "iPhone Developer";
				COPY_PHASE_STRIP = NO;
				DEBUG_INFORMATION_FORMAT = "dwarf-with-dsym";
				ENABLE_NS_ASSERTIONS = NO;
				ENABLE_STRICT_OBJC_MSGSEND = YES;
				GCC_C_LANGUAGE_STANDARD = gnu11;
				GCC_NO_COMMON_BLOCKS = YES;
				GCC_WARN_64_TO_32_BIT_CONVERSION = YES;
				GCC_WARN_ABOUT_RETURN_TYPE = YES_ERROR;
				GCC_WARN_UNDECLARED_SELECTOR = YES;
				GCC_WARN_UNINITIALIZED_AUTOS = YES_AGGRESSIVE;
				GCC_WARN_UNUSED_FUNCTION = YES;
				GCC_WARN_UNUSED_VARIABLE = YES;
				IPHONEOS_DEPLOYMENT_TARGET = 11.3;
				MTL_ENABLE_DEBUG_INFO = NO;
				SDKROOT = iphoneos;
				SWIFT_COMPILATION_MODE = wholemodule;
				SWIFT_OPTIMIZATION_LEVEL = "-O";
				VALIDATE_PRODUCT = YES;
			};
			name = Release;
		};
		F0867D0720961D8B0004BAFB /* Debug */ = {
			isa = XCBuildConfiguration;
			buildSettings = {
				ASSETCATALOG_COMPILER_APPICON_NAME = AppIcon;
				CODE_SIGN_STYLE = Automatic;
				DEVELOPMENT_TEAM = 3MNFP5U458;
				INFOPLIST_FILE = ContactUtil/Info.plist;
				IPHONEOS_DEPLOYMENT_TARGET = 9.0;
				LD_RUNPATH_SEARCH_PATHS = (
					"$(inherited)",
					"@executable_path/Frameworks",
				);
				PRODUCT_BUNDLE_IDENTIFIER = com.romankozak.ContactUtil;
				PRODUCT_NAME = "$(TARGET_NAME)";
				SWIFT_VERSION = 4.0;
				TARGETED_DEVICE_FAMILY = "1,2";
			};
			name = Debug;
		};
		F0867D0820961D8B0004BAFB /* Release */ = {
			isa = XCBuildConfiguration;
			buildSettings = {
				ASSETCATALOG_COMPILER_APPICON_NAME = AppIcon;
				CODE_SIGN_STYLE = Automatic;
				DEVELOPMENT_TEAM = 3MNFP5U458;
				INFOPLIST_FILE = ContactUtil/Info.plist;
				IPHONEOS_DEPLOYMENT_TARGET = 9.0;
				LD_RUNPATH_SEARCH_PATHS = (
					"$(inherited)",
					"@executable_path/Frameworks",
				);
				PRODUCT_BUNDLE_IDENTIFIER = com.romankozak.ContactUtil;
				PRODUCT_NAME = "$(TARGET_NAME)";
				SWIFT_VERSION = 4.0;
				TARGETED_DEVICE_FAMILY = "1,2";
			};
			name = Release;
		};
/* End XCBuildConfiguration section */

/* Begin XCConfigurationList section */
		F0867CEF20961D8A0004BAFB /* Build configuration list for PBXProject "ContactUtil" */ = {
			isa = XCConfigurationList;
			buildConfigurations = (
				F0867D0420961D8B0004BAFB /* Debug */,
				F0867D0520961D8B0004BAFB /* Release */,
			);
			defaultConfigurationIsVisible = 0;
			defaultConfigurationName = Release;
		};
		F0867D0620961D8B0004BAFB /* Build configuration list for PBXNativeTarget "ContactUtil" */ = {
			isa = XCConfigurationList;
			buildConfigurations = (
				F0867D0720961D8B0004BAFB /* Debug */,
				F0867D0820961D8B0004BAFB /* Release */,
			);
			defaultConfigurationIsVisible = 0;
			defaultConfigurationName = Release;
		};
/* End XCConfigurationList section */
	};
	rootObject = F0867CEC20961D8A0004BAFB /* Project object */;
}
